{
  "lockfileVersion": 1,
  "workspaces": {
    "": {
      "name": "main",
      "dependencies": {
        "octokit": "^5.0.3",
      },
      "devDependencies": {
        "@types/bun": "^1.2.20",
        "@types/jest": "^30.0.0",
      },
      "peerDependencies": {
        "typescript": "^5.9.2",
      },
    },
  },
  "packages": {
    "@babel/code-frame": ["@babel/code-frame@7.27.1", "", { "dependencies": { "@babel/helper-validator-identifier": "^7.27.1", "js-tokens": "^4.0.0", "picocolors": "^1.1.1" } }, "sha512-cjQ7ZlQ0Mv3b47hABuTevyTuYN4i+loJKGeV9flcCgIK37cCXRh+L1bd3iBHlynerhQ7BhCkn2BPbQUL+rGqFg=="],

    "@babel/helper-validator-identifier": ["@babel/helper-validator-identifier@7.27.1", "", {}, "sha512-D2hP9eA+Sqx1kBZgzxZh0y1trbuU+JoDkiEwqhQ36nodYqJwyEIhPSdMNd7lOm/4io72luTPWH20Yda0xOuUow=="],

    "@jest/diff-sequences": ["@jest/diff-sequences@30.0.1", "", {}, "sha512-n5H8QLDJ47QqbCNn5SuFjCRDrOLEZ0h8vAHCK5RL9Ls7Xa8AQLa/YxAc9UjFqoEDM48muwtBGjtMY5cr0PLDCw=="],

    "@jest/expect-utils": ["@jest/expect-utils@30.0.5", "", { "dependencies": { "@jest/get-type": "30.0.1" } }, "sha512-F3lmTT7CXWYywoVUGTCmom0vXq3HTTkaZyTAzIy+bXSBizB7o5qzlC9VCtq0arOa8GqmNsbg/cE9C6HLn7Szew=="],

    "@jest/get-type": ["@jest/get-type@30.0.1", "", {}, "sha512-AyYdemXCptSRFirI5EPazNxyPwAL0jXt3zceFjaj8NFiKP9pOi0bfXonf6qkf82z2t3QWPeLCWWw4stPBzctLw=="],

    "@jest/pattern": ["@jest/pattern@30.0.1", "", { "dependencies": { "@types/node": "*", "jest-regex-util": "30.0.1" } }, "sha512-gWp7NfQW27LaBQz3TITS8L7ZCQ0TLvtmI//4OwlQRx4rnWxcPNIYjxZpDcN4+UlGxgm3jS5QPz8IPTCkb59wZA=="],

    "@jest/schemas": ["@jest/schemas@30.0.5", "", { "dependencies": { "@sinclair/typebox": "^0.34.0" } }, "sha512-DmdYgtezMkh3cpU8/1uyXakv3tJRcmcXxBOcO0tbaozPwpmh4YMsnWrQm9ZmZMfa5ocbxzbFk6O4bDPEc/iAnA=="],

    "@jest/types": ["@jest/types@30.0.5", "", { "dependencies": { "@jest/pattern": "30.0.1", "@jest/schemas": "30.0.5", "@types/istanbul-lib-coverage": "^2.0.6", "@types/istanbul-reports": "^3.0.4", "@types/node": "*", "@types/yargs": "^17.0.33", "chalk": "^4.1.2" } }, "sha512-aREYa3aku9SSnea4aX6bhKn4bgv3AXkgijoQgbYV3yvbiGt6z+MQ85+6mIhx9DsKW2BuB/cLR/A+tcMThx+KLQ=="],

    "@octokit/app": ["@octokit/app@16.0.1", "", { "dependencies": { "@octokit/auth-app": "^8.0.1", "@octokit/auth-unauthenticated": "^7.0.1", "@octokit/core": "^7.0.2", "@octokit/oauth-app": "^8.0.1", "@octokit/plugin-paginate-rest": "^13.0.0", "@octokit/types": "^14.0.0", "@octokit/webhooks": "^14.0.0" } }, "sha512-kgTeTsWmpUX+s3Fs4EK4w1K+jWCDB6ClxLSWUWTyhlw7+L3jHtuXDR4QtABu2GsmCMdk67xRhruiXotS3ay3Yw=="],

    "@octokit/auth-app": ["@octokit/auth-app@8.0.2", "", { "dependencies": { "@octokit/auth-oauth-app": "^9.0.1", "@octokit/auth-oauth-user": "^6.0.0", "@octokit/request": "^10.0.2", "@octokit/request-error": "^7.0.0", "@octokit/types": "^14.0.0", "toad-cache": "^3.7.0", "universal-github-app-jwt": "^2.2.0", "universal-user-agent": "^7.0.0" } }, "sha512-dLTmmA9gUlqiAJZgozfOsZFfpN/OldH3xweb7lqSnngax5Rs+PfO5dDlokaBfc41H1xOtsLYV5QqR0DkBAtPmw=="],

    "@octokit/auth-oauth-app": ["@octokit/auth-oauth-app@9.0.1", "", { "dependencies": { "@octokit/auth-oauth-device": "^8.0.1", "@octokit/auth-oauth-user": "^6.0.0", "@octokit/request": "^10.0.2", "@octokit/types": "^14.0.0", "universal-user-agent": "^7.0.0" } }, "sha512-TthWzYxuHKLAbmxdFZwFlmwVyvynpyPmjwc+2/cI3cvbT7mHtsAW9b1LvQaNnAuWL+pFnqtxdmrU8QpF633i1g=="],

    "@octokit/auth-oauth-device": ["@octokit/auth-oauth-device@8.0.1", "", { "dependencies": { "@octokit/oauth-methods": "^6.0.0", "@octokit/request": "^10.0.2", "@octokit/types": "^14.0.0", "universal-user-agent": "^7.0.0" } }, "sha512-TOqId/+am5yk9zor0RGibmlqn4V0h8vzjxlw/wYr3qzkQxl8aBPur384D1EyHtqvfz0syeXji4OUvKkHvxk/Gw=="],

    "@octokit/auth-oauth-user": ["@octokit/auth-oauth-user@6.0.0", "", { "dependencies": { "@octokit/auth-oauth-device": "^8.0.1", "@octokit/oauth-methods": "^6.0.0", "@octokit/request": "^10.0.2", "@octokit/types": "^14.0.0", "universal-user-agent": "^7.0.0" } }, "sha512-GV9IW134PHsLhtUad21WIeP9mlJ+QNpFd6V9vuPWmaiN25HEJeEQUcS4y5oRuqCm9iWDLtfIs+9K8uczBXKr6A=="],

    "@octokit/auth-token": ["@octokit/auth-token@6.0.0", "", {}, "sha512-P4YJBPdPSpWTQ1NU4XYdvHvXJJDxM6YwpS0FZHRgP7YFkdVxsWcpWGy/NVqlAA7PcPCnMacXlRm1y2PFZRWL/w=="],

    "@octokit/auth-unauthenticated": ["@octokit/auth-unauthenticated@7.0.1", "", { "dependencies": { "@octokit/request-error": "^7.0.0", "@octokit/types": "^14.0.0" } }, "sha512-qVq1vdjLLZdE8kH2vDycNNjuJRCD1q2oet1nA/GXWaYlpDxlR7rdVhX/K/oszXslXiQIiqrQf+rdhDlA99JdTQ=="],

    "@octokit/core": ["@octokit/core@7.0.3", "", { "dependencies": { "@octokit/auth-token": "^6.0.0", "@octokit/graphql": "^9.0.1", "@octokit/request": "^10.0.2", "@octokit/request-error": "^7.0.0", "@octokit/types": "^14.0.0", "before-after-hook": "^4.0.0", "universal-user-agent": "^7.0.0" } }, "sha512-oNXsh2ywth5aowwIa7RKtawnkdH6LgU1ztfP9AIUCQCvzysB+WeU8o2kyyosDPwBZutPpjZDKPQGIzzrfTWweQ=="],

    "@octokit/endpoint": ["@octokit/endpoint@11.0.0", "", { "dependencies": { "@octokit/types": "^14.0.0", "universal-user-agent": "^7.0.2" } }, "sha512-hoYicJZaqISMAI3JfaDr1qMNi48OctWuOih1m80bkYow/ayPw6Jj52tqWJ6GEoFTk1gBqfanSoI1iY99Z5+ekQ=="],

    "@octokit/graphql": ["@octokit/graphql@9.0.1", "", { "dependencies": { "@octokit/request": "^10.0.2", "@octokit/types": "^14.0.0", "universal-user-agent": "^7.0.0" } }, "sha512-j1nQNU1ZxNFx2ZtKmL4sMrs4egy5h65OMDmSbVyuCzjOcwsHq6EaYjOTGXPQxgfiN8dJ4CriYHk6zF050WEULg=="],

    "@octokit/oauth-app": ["@octokit/oauth-app@8.0.1", "", { "dependencies": { "@octokit/auth-oauth-app": "^9.0.1", "@octokit/auth-oauth-user": "^6.0.0", "@octokit/auth-unauthenticated": "^7.0.1", "@octokit/core": "^7.0.2", "@octokit/oauth-authorization-url": "^8.0.0", "@octokit/oauth-methods": "^6.0.0", "@types/aws-lambda": "^8.10.83", "universal-user-agent": "^7.0.0" } }, "sha512-QnhMYEQpnYbEPn9cae+wXL2LuPMFglmfeuDJXXsyxIXdoORwkLK8y0cHhd/5du9MbO/zdG/BXixzB7EEwU63eQ=="],

    "@octokit/oauth-authorization-url": ["@octokit/oauth-authorization-url@8.0.0", "", {}, "sha512-7QoLPRh/ssEA/HuHBHdVdSgF8xNLz/Bc5m9fZkArJE5bb6NmVkDm3anKxXPmN1zh6b5WKZPRr3697xKT/yM3qQ=="],

    "@octokit/oauth-methods": ["@octokit/oauth-methods@6.0.0", "", { "dependencies": { "@octokit/oauth-authorization-url": "^8.0.0", "@octokit/request": "^10.0.2", "@octokit/request-error": "^7.0.0", "@octokit/types": "^14.0.0" } }, "sha512-Q8nFIagNLIZgM2odAraelMcDssapc+lF+y3OlcIPxyAU+knefO8KmozGqfnma1xegRDP4z5M73ABsamn72bOcA=="],

    "@octokit/openapi-types": ["@octokit/openapi-types@25.1.0", "", {}, "sha512-idsIggNXUKkk0+BExUn1dQ92sfysJrje03Q0bv0e+KPLrvyqZF8MnBpFz8UNfYDwB3Ie7Z0TByjWfzxt7vseaA=="],

    "@octokit/openapi-webhooks-types": ["@octokit/openapi-webhooks-types@12.0.3", "", {}, "sha512-90MF5LVHjBedwoHyJsgmaFhEN1uzXyBDRLEBe7jlTYx/fEhPAk3P3DAJsfZwC54m8hAIryosJOL+UuZHB3K3yA=="],

    "@octokit/plugin-paginate-graphql": ["@octokit/plugin-paginate-graphql@6.0.0", "", { "peerDependencies": { "@octokit/core": ">=6" } }, "sha512-crfpnIoFiBtRkvPqOyLOsw12XsveYuY2ieP6uYDosoUegBJpSVxGwut9sxUgFFcll3VTOTqpUf8yGd8x1OmAkQ=="],

    "@octokit/plugin-paginate-rest": ["@octokit/plugin-paginate-rest@13.1.1", "", { "dependencies": { "@octokit/types": "^14.1.0" }, "peerDependencies": { "@octokit/core": ">=6" } }, "sha512-q9iQGlZlxAVNRN2jDNskJW/Cafy7/XE52wjZ5TTvyhyOD904Cvx//DNyoO3J/MXJ0ve3rPoNWKEg5iZrisQSuw=="],

    "@octokit/plugin-rest-endpoint-methods": ["@octokit/plugin-rest-endpoint-methods@16.0.0", "", { "dependencies": { "@octokit/types": "^14.1.0" }, "peerDependencies": { "@octokit/core": ">=6" } }, "sha512-kJVUQk6/dx/gRNLWUnAWKFs1kVPn5O5CYZyssyEoNYaFedqZxsfYs7DwI3d67hGz4qOwaJ1dpm07hOAD1BXx6g=="],

    "@octokit/plugin-retry": ["@octokit/plugin-retry@8.0.1", "", { "dependencies": { "@octokit/request-error": "^7.0.0", "@octokit/types": "^14.0.0", "bottleneck": "^2.15.3" }, "peerDependencies": { "@octokit/core": ">=7" } }, "sha512-KUoYR77BjF5O3zcwDQHRRZsUvJwepobeqiSSdCJ8lWt27FZExzb0GgVxrhhfuyF6z2B2zpO0hN5pteni1sqWiw=="],

    "@octokit/plugin-throttling": ["@octokit/plugin-throttling@11.0.1", "", { "dependencies": { "@octokit/types": "^14.0.0", "bottleneck": "^2.15.3" }, "peerDependencies": { "@octokit/core": "^7.0.0" } }, "sha512-S+EVhy52D/272L7up58dr3FNSMXWuNZolkL4zMJBNIfIxyZuUcczsQAU4b5w6dewJXnKYVgSHSV5wxitMSW1kw=="],

    "@octokit/request": ["@octokit/request@10.0.3", "", { "dependencies": { "@octokit/endpoint": "^11.0.0", "@octokit/request-error": "^7.0.0", "@octokit/types": "^14.0.0", "fast-content-type-parse": "^3.0.0", "universal-user-agent": "^7.0.2" } }, "sha512-V6jhKokg35vk098iBqp2FBKunk3kMTXlmq+PtbV9Gl3TfskWlebSofU9uunVKhUN7xl+0+i5vt0TGTG8/p/7HA=="],

    "@octokit/request-error": ["@octokit/request-error@7.0.0", "", { "dependencies": { "@octokit/types": "^14.0.0" } }, "sha512-KRA7VTGdVyJlh0cP5Tf94hTiYVVqmt2f3I6mnimmaVz4UG3gQV/k4mDJlJv3X67iX6rmN7gSHCF8ssqeMnmhZg=="],

    "@octokit/types": ["@octokit/types@14.1.0", "", { "dependencies": { "@octokit/openapi-types": "^25.1.0" } }, "sha512-1y6DgTy8Jomcpu33N+p5w58l6xyt55Ar2I91RPiIA0xCJBXyUAhXCcmZaDWSANiha7R9a6qJJ2CRomGPZ6f46g=="],

    "@octokit/webhooks": ["@octokit/webhooks@14.1.3", "", { "dependencies": { "@octokit/openapi-webhooks-types": "12.0.3", "@octokit/request-error": "^7.0.0", "@octokit/webhooks-methods": "^6.0.0" } }, "sha512-gcK4FNaROM9NjA0mvyfXl0KPusk7a1BeA8ITlYEZVQCXF5gcETTd4yhAU0Kjzd8mXwYHppzJBWgdBVpIR9wUcQ=="],

    "@octokit/webhooks-methods": ["@octokit/webhooks-methods@6.0.0", "", {}, "sha512-MFlzzoDJVw/GcbfzVC1RLR36QqkTLUf79vLVO3D+xn7r0QgxnFoLZgtrzxiQErAjFUOdH6fas2KeQJ1yr/qaXQ=="],

    "@sinclair/typebox": ["@sinclair/typebox@0.34.40", "", {}, "sha512-gwBNIP8ZAYev/ORDWW0QvxdwPXwxBtLsdsJgSc7eDIRt8ubP+rxUBzPsrwnu16fgEF8Bx4lh/+mvQvJzcTM6Kw=="],

    "@types/aws-lambda": ["@types/aws-lambda@8.10.152", "", {}, "sha512-soT/c2gYBnT5ygwiHPmd9a1bftj462NWVk2tKCc1PYHSIacB2UwbTS2zYG4jzag1mRDuzg/OjtxQjQ2NKRB6Rw=="],

    "@types/bun": ["@types/bun@1.2.20", "", { "dependencies": { "bun-types": "1.2.20" } }, "sha512-dX3RGzQ8+KgmMw7CsW4xT5ITBSCrSbfHc36SNT31EOUg/LA9JWq0VDdEXDRSe1InVWpd2yLUM1FUF/kEOyTzYA=="],

    "@types/istanbul-lib-coverage": ["@types/istanbul-lib-coverage@2.0.6", "", {}, "sha512-2QF/t/auWm0lsy8XtKVPG19v3sSOQlJe/YHZgfjb/KBBHOGSV+J2q/S671rcq9uTBrLAXmZpqJiaQbMT+zNU1w=="],

    "@types/istanbul-lib-report": ["@types/istanbul-lib-report@3.0.3", "", { "dependencies": { "@types/istanbul-lib-coverage": "*" } }, "sha512-NQn7AHQnk/RSLOxrBbGyJM/aVQ+pjj5HCgasFxc0K/KhoATfQ/47AyUl15I2yBUpihjmas+a+VJBOqecrFH+uA=="],

    "@types/istanbul-reports": ["@types/istanbul-reports@3.0.4", "", { "dependencies": { "@types/istanbul-lib-report": "*" } }, "sha512-pk2B1NWalF9toCRu6gjBzR69syFjP4Od8WRAX+0mmf9lAjCRicLOWc+ZrxZHx/0XRjotgkF9t6iaMJ+aXcOdZQ=="],

    "@types/jest": ["@types/jest@30.0.0", "", { "dependencies": { "expect": "^30.0.0", "pretty-format": "^30.0.0" } }, "sha512-XTYugzhuwqWjws0CVz8QpM36+T+Dz5mTEBKhNs/esGLnCIlGdRy+Dq78NRjd7ls7r8BC8ZRMOrKlkO1hU0JOwA=="],

    "@types/node": ["@types/node@24.3.0", "", { "dependencies": { "undici-types": "~7.10.0" } }, "sha512-aPTXCrfwnDLj4VvXrm+UUCQjNEvJgNA8s5F1cvwQU+3KNltTOkBm1j30uNLyqqPNe7gE3KFzImYoZEfLhp4Yow=="],

    "@types/react": ["@types/react@19.1.10", "", { "dependencies": { "csstype": "^3.0.2" } }, "sha512-EhBeSYX0Y6ye8pNebpKrwFJq7BoQ8J5SO6NlvNwwHjSj6adXJViPQrKlsyPw7hLBLvckEMO1yxeGdR82YBBlDg=="],

    "@types/stack-utils": ["@types/stack-utils@2.0.3", "", {}, "sha512-9aEbYZ3TbYMznPdcdr3SmIrLXwC/AKZXQeCf9Pgao5CKb8CyHuEX5jzWPTkvregvhRJHcpRO6BFoGW9ycaOkYw=="],

    "@types/yargs": ["@types/yargs@17.0.33", "", { "dependencies": { "@types/yargs-parser": "*" } }, "sha512-WpxBCKWPLr4xSsHgz511rFJAM+wS28w2zEO1QDNY5zM/S8ok70NNfztH0xwhqKyaK0OHCbN98LDAZuy1ctxDkA=="],

    "@types/yargs-parser": ["@types/yargs-parser@21.0.3", "", {}, "sha512-I4q9QU9MQv4oEOz4tAHJtNz1cwuLxn2F3xcc2iV5WdqLPpUnj30aUuxt1mAxYTG+oe8CZMV/+6rU4S4gRDzqtQ=="],

    "ansi-styles": ["ansi-styles@5.2.0", "", {}, "sha512-Cxwpt2SfTzTtXcfOlzGEee8O+c+MmUgGrNiBcXnuWxuFJHe6a5Hz7qwhwe5OgaSYI0IJvkLqWX1ASG+cJOkEiA=="],

    "before-after-hook": ["before-after-hook@4.0.0", "", {}, "sha512-q6tR3RPqIB1pMiTRMFcZwuG5T8vwp+vUvEG0vuI6B+Rikh5BfPp2fQ82c925FOs+b0lcFQ8CFrL+KbilfZFhOQ=="],

    "bottleneck": ["bottleneck@2.19.5", "", {}, "sha512-VHiNCbI1lKdl44tGrhNfU3lup0Tj/ZBMJB5/2ZbNXRCPuRCO7ed2mgcK4r17y+KB2EfuYuRaVlwNbAeaWGSpbw=="],

    "braces": ["braces@3.0.3", "", { "dependencies": { "fill-range": "^7.1.1" } }, "sha512-yQbXgO/OSZVD2IsiLlro+7Hf6Q18EJrKSEsdoMzKePKXct3gvD8oLcOQdIzGupr5Fj+EDe8gO/lxc1BzfMpxvA=="],

    "bun-types": ["bun-types@1.2.20", "", { "dependencies": { "@types/node": "*" }, "peerDependencies": { "@types/react": "^19" } }, "sha512-pxTnQYOrKvdOwyiyd/7sMt9yFOenN004Y6O4lCcCUoKVej48FS5cvTw9geRaEcB9TsDZaJKAxPTVvi8tFsVuXA=="],

    "chalk": ["chalk@4.1.2", "", { "dependencies": { "ansi-styles": "^4.1.0", "supports-color": "^7.1.0" } }, "sha512-oKnbhFyRIXpUuez8iBMmyEa4nbj4IOQyuhc/wy9kY7/WVPcwIO9VA668Pu8RkO7+0G76SLROeyw9CpQ061i4mA=="],

    "ci-info": ["ci-info@4.3.0", "", {}, "sha512-l+2bNRMiQgcfILUi33labAZYIWlH1kWDp+ecNo5iisRKrbm0xcRyCww71/YU0Fkw0mAFpz9bJayXPjey6vkmaQ=="],

    "color-convert": ["color-convert@2.0.1", "", { "dependencies": { "color-name": "~1.1.4" } }, "sha512-RRECPsj7iu/xb5oKYcsFHSppFNnsj/52OVTRKb4zP5onXwVF3zVmmToNcOfGC+CRDpfK/U584fMg38ZHCaElKQ=="],

    "color-name": ["color-name@1.1.4", "", {}, "sha512-dOy+3AuW3a2wNbZHIuMZpTcgjGuLU/uBL/ubcZF9OXbDo8ff4O8yVp5Bf0efS8uEoYo5q4Fx7dY9OgQGXgAsQA=="],

    "csstype": ["csstype@3.1.3", "", {}, "sha512-M1uQkMl8rQK/szD0LNhtqxIPLpimGm8sOBwU7lLnCpSbTyY3yeU1Vc7l4KT5zT4s/yOxHH5O7tIuuLOCnLADRw=="],

    "escape-string-regexp": ["escape-string-regexp@2.0.0", "", {}, "sha512-UpzcLCXolUWcNu5HtVMHYdXJjArjsF9C0aNnquZYY4uW/Vu0miy5YoWvbV345HauVvcAUnpRuhMMcqTcGOY2+w=="],

    "expect": ["expect@30.0.5", "", { "dependencies": { "@jest/expect-utils": "30.0.5", "@jest/get-type": "30.0.1", "jest-matcher-utils": "30.0.5", "jest-message-util": "30.0.5", "jest-mock": "30.0.5", "jest-util": "30.0.5" } }, "sha512-P0te2pt+hHI5qLJkIR+iMvS+lYUZml8rKKsohVHAGY+uClp9XVbdyYNJOIjSRpHVp8s8YqxJCiHUkSYZGr8rtQ=="],

    "fast-content-type-parse": ["fast-content-type-parse@3.0.0", "", {}, "sha512-ZvLdcY8P+N8mGQJahJV5G4U88CSvT1rP8ApL6uETe88MBXrBHAkZlSEySdUlyztF7ccb+Znos3TFqaepHxdhBg=="],

    "fill-range": ["fill-range@7.1.1", "", { "dependencies": { "to-regex-range": "^5.0.1" } }, "sha512-YsGpe3WHLK8ZYi4tWDg2Jy3ebRz2rXowDxnld4bkQB00cc/1Zw9AWnC0i9ztDJitivtQvaI9KaLyKrc+hBW0yg=="],

    "graceful-fs": ["graceful-fs@4.2.11", "", {}, "sha512-RbJ5/jmFcNNCcDV5o9eTnBLJ/HszWV0P73bc+Ff4nS/rJj+YaS6IGyiOL0VoBYX+l1Wrl3k63h/KrH+nhJ0XvQ=="],

    "has-flag": ["has-flag@4.0.0", "", {}, "sha512-EykJT/Q1KjTWctppgIAgfSO0tKVuZUjhgMr17kqTumMl6Afv3EISleU7qZUzoXDFTAHTDC4NOoG/ZxU3EvlMPQ=="],

    "is-number": ["is-number@7.0.0", "", {}, "sha512-41Cifkg6e8TylSpdtTpeLVMqvSBEVzTttHvERD741+pnZ8ANv0004MRL43QKPDlK9cGvNp6NZWZUBlbGXYxxng=="],

    "jest-diff": ["jest-diff@30.0.5", "", { "dependencies": { "@jest/diff-sequences": "30.0.1", "@jest/get-type": "30.0.1", "chalk": "^4.1.2", "pretty-format": "30.0.5" } }, "sha512-1UIqE9PoEKaHcIKvq2vbibrCog4Y8G0zmOxgQUVEiTqwR5hJVMCoDsN1vFvI5JvwD37hjueZ1C4l2FyGnfpE0A=="],

    "jest-matcher-utils": ["jest-matcher-utils@30.0.5", "", { "dependencies": { "@jest/get-type": "30.0.1", "chalk": "^4.1.2", "jest-diff": "30.0.5", "pretty-format": "30.0.5" } }, "sha512-uQgGWt7GOrRLP1P7IwNWwK1WAQbq+m//ZY0yXygyfWp0rJlksMSLQAA4wYQC3b6wl3zfnchyTx+k3HZ5aPtCbQ=="],

    "jest-message-util": ["jest-message-util@30.0.5", "", { "dependencies": { "@babel/code-frame": "^7.27.1", "@jest/types": "30.0.5", "@types/stack-utils": "^2.0.3", "chalk": "^4.1.2", "graceful-fs": "^4.2.11", "micromatch": "^4.0.8", "pretty-format": "30.0.5", "slash": "^3.0.0", "stack-utils": "^2.0.6" } }, "sha512-NAiDOhsK3V7RU0Aa/HnrQo+E4JlbarbmI3q6Pi4KcxicdtjV82gcIUrejOtczChtVQR4kddu1E1EJlW6EN9IyA=="],

    "jest-mock": ["jest-mock@30.0.5", "", { "dependencies": { "@jest/types": "30.0.5", "@types/node": "*", "jest-util": "30.0.5" } }, "sha512-Od7TyasAAQX/6S+QCbN6vZoWOMwlTtzzGuxJku1GhGanAjz9y+QsQkpScDmETvdc9aSXyJ/Op4rhpMYBWW91wQ=="],

    "jest-regex-util": ["jest-regex-util@30.0.1", "", {}, "sha512-jHEQgBXAgc+Gh4g0p3bCevgRCVRkB4VB70zhoAE48gxeSr1hfUOsM/C2WoJgVL7Eyg//hudYENbm3Ne+/dRVVA=="],

    "jest-util": ["jest-util@30.0.5", "", { "dependencies": { "@jest/types": "30.0.5", "@types/node": "*", "chalk": "^4.1.2", "ci-info": "^4.2.0", "graceful-fs": "^4.2.11", "picomatch": "^4.0.2" } }, "sha512-pvyPWssDZR0FlfMxCBoc0tvM8iUEskaRFALUtGQYzVEAqisAztmy+R8LnU14KT4XA0H/a5HMVTXat1jLne010g=="],

    "js-tokens": ["js-tokens@4.0.0", "", {}, "sha512-RdJUflcE3cUzKiMqQgsCu06FPu9UdIJO0beYbPhHN4k6apgJtifcoCtT9bcxOpYBtpD2kCM6Sbzg4CausW/PKQ=="],

    "micromatch": ["micromatch@4.0.8", "", { "dependencies": { "braces": "^3.0.3", "picomatch": "^2.3.1" } }, "sha512-PXwfBhYu0hBCPw8Dn0E+WDYb7af3dSLVWKi3HGv84IdF4TyFoC0ysxFd0Goxw7nSv4T/PzEJQxsYsEiFCKo2BA=="],

    "octokit": ["octokit@5.0.3", "", { "dependencies": { "@octokit/app": "^16.0.1", "@octokit/core": "^7.0.2", "@octokit/oauth-app": "^8.0.1", "@octokit/plugin-paginate-graphql": "^6.0.0", "@octokit/plugin-paginate-rest": "^13.0.0", "@octokit/plugin-rest-endpoint-methods": "^16.0.0", "@octokit/plugin-retry": "^8.0.1", "@octokit/plugin-throttling": "^11.0.1", "@octokit/request-error": "^7.0.0", "@octokit/types": "^14.0.0", "@octokit/webhooks": "^14.0.0" } }, "sha512-+bwYsAIRmYv30NTmBysPIlgH23ekVDriB07oRxlPIAH5PI0yTMSxg5i5Xy0OetcnZw+nk/caD4szD7a9YZ3QyQ=="],

    "picocolors": ["picocolors@1.1.1", "", {}, "sha512-xceH2snhtb5M9liqDsmEw56le376mTZkEX/jEb/RxNFyegNul7eNslCXP9FDj/Lcu0X8KEyMceP2ntpaHrDEVA=="],

    "picomatch": ["picomatch@4.0.3", "", {}, "sha512-5gTmgEY/sqK6gFXLIsQNH19lWb4ebPDLA4SdLP7dsWkIXHWlG66oPuVvXSGFPppYZz8ZDZq0dYYrbHfBCVUb1Q=="],

    "pretty-format": ["pretty-format@30.0.5", "", { "dependencies": { "@jest/schemas": "30.0.5", "ansi-styles": "^5.2.0", "react-is": "^18.3.1" } }, "sha512-D1tKtYvByrBkFLe2wHJl2bwMJIiT8rW+XA+TiataH79/FszLQMrpGEvzUVkzPau7OCO0Qnrhpe87PqtOAIB8Yw=="],

    "react-is": ["react-is@18.3.1", "", {}, "sha512-/LLMVyas0ljjAtoYiPqYiL8VWXzUUdThrmU5+n20DZv+a+ClRoevUzw5JxU+Ieh5/c87ytoTBV9G1FiKfNJdmg=="],

    "slash": ["slash@3.0.0", "", {}, "sha512-g9Q1haeby36OSStwb4ntCGGGaKsaVSjQ68fBxoQcutl5fS1vuY18H3wSt3jFyFtrkx+Kz0V1G85A4MyAdDMi2Q=="],

    "stack-utils": ["stack-utils@2.0.6", "", { "dependencies": { "escape-string-regexp": "^2.0.0" } }, "sha512-XlkWvfIm6RmsWtNJx+uqtKLS8eqFbxUg0ZzLXqY0caEy9l7hruX8IpiDnjsLavoBgqCCR71TqWO8MaXYheJ3RQ=="],

    "supports-color": ["supports-color@7.2.0", "", { "dependencies": { "has-flag": "^4.0.0" } }, "sha512-qpCAvRl9stuOHveKsn7HncJRvv501qIacKzQlO/+Lwxc9+0q2wLyv4Dfvt80/DPn2pqOBsJdDiogXGR9+OvwRw=="],

    "to-regex-range": ["to-regex-range@5.0.1", "", { "dependencies": { "is-number": "^7.0.0" } }, "sha512-65P7iz6X5yEr1cwcgvQxbbIw7Uk3gOy5dIdtZ4rDveLqhrdJP+Li/Hx6tyK0NEb+2GCyneCMJiGqrADCSNk8sQ=="],

    "toad-cache": ["toad-cache@3.7.0", "", {}, "sha512-/m8M+2BJUpoJdgAHoG+baCwBT+tf2VraSfkBgl0Y00qIWt41DJ8R5B8nsEw0I58YwF5IZH6z24/2TobDKnqSWw=="],

    "typescript": ["typescript@5.9.2", "", { "bin": { "tsc": "bin/tsc", "tsserver": "bin/tsserver" } }, "sha512-CWBzXQrc/qOkhidw1OzBTQuYRbfyxDXJMVJ1XNwUHGROVmuaeiEm3OslpZ1RV96d7SKKjZKrSJu3+t/xlw3R9A=="],

    "undici-types": ["undici-types@7.10.0", "", {}, "sha512-t5Fy/nfn+14LuOc2KNYg75vZqClpAiqscVvMygNnlsHBFpSXdJaYtXMcdNLpl/Qvc3P2cB3s6lOV51nqsFq4ag=="],

    "universal-github-app-jwt": ["universal-github-app-jwt@2.2.2", "", {}, "sha512-dcmbeSrOdTnsjGjUfAlqNDJrhxXizjAz94ija9Qw8YkZ1uu0d+GoZzyH+Jb9tIIqvGsadUfwg+22k5aDqqwzbw=="],

    "universal-user-agent": ["universal-user-agent@7.0.3", "", {}, "sha512-TmnEAEAsBJVZM/AADELsK76llnwcf9vMKuPz8JflO1frO8Lchitr0fNaN9d+Ap0BjKtqWqd/J17qeDnXh8CL2A=="],

    "chalk/ansi-styles": ["ansi-styles@4.3.0", "", { "dependencies": { "color-convert": "^2.0.1" } }, "sha512-zbB9rCJAT1rbjiVDb2hqKFHNYLxgtk8NURxZ3IZwD3F6NtxbXZQCnnSi1Lkx+IDohdPlFp222wVALIheZJQSEg=="],

    "micromatch/picomatch": ["picomatch@2.3.1", "", {}, "sha512-JU3teHTNjmE2VCGFzuY8EXzCDVwEqB2a8fsIvwaStHhAWJEeVd1o1QD80CU6+ZdEXXSLbSsuLwJjkCBWqRQUVA=="],
  }
}
